// !$*UTF8*$!
{
	archiveVersion = 1;
	classes = {
	};
	objectVersion = 46;
	objects = {

/* Begin PBXBuildFile section */
		B643EA661CB035E900FAEF57 /* AppDelegate.swift in Sources */ = {isa = PBXBuildFile; fileRef = B643EA651CB035E900FAEF57 /* AppDelegate.swift */; };
		B643EA681CB035E900FAEF57 /* ViewController.swift in Sources */ = {isa = PBXBuildFile; fileRef = B643EA671CB035E900FAEF57 /* ViewController.swift */; };
		B643EA6B1CB035E900FAEF57 /* Main.storyboard in Resources */ = {isa = PBXBuildFile; fileRef = B643EA691CB035E900FAEF57 /* Main.storyboard */; };
		B643EA6E1CB035E900FAEF57 /* f_ios.xcdatamodeld in Sources */ = {isa = PBXBuildFile; fileRef = B643EA6C1CB035E900FAEF57 /* f_ios.xcdatamodeld */; };
		B643EA701CB035E900FAEF57 /* Assets.xcassets in Resources */ = {isa = PBXBuildFile; fileRef = B643EA6F1CB035E900FAEF57 /* Assets.xcassets */; };
		B643EA731CB035E900FAEF57 /* LaunchScreen.storyboard in Resources */ = {isa = PBXBuildFile; fileRef = B643EA711CB035E900FAEF57 /* LaunchScreen.storyboard */; };
		B643EA7E1CB035E900FAEF57 /* f_iosTests.swift in Sources */ = {isa = PBXBuildFile; fileRef = B643EA7D1CB035E900FAEF57 /* f_iosTests.swift */; };
		B643EA891CB035E900FAEF57 /* f_iosUITests.swift in Sources */ = {isa = PBXBuildFile; fileRef = B643EA881CB035E900FAEF57 /* f_iosUITests.swift */; };
/* End PBXBuildFile section */

/* Begin PBXContainerItemProxy section */
		B643EA7A1CB035E900FAEF57 /* PBXContainerItemProxy */ = {
			isa = PBXContainerItemProxy;
			containerPortal = B643EA5A1CB035E900FAEF57 /* Project object */;
			proxyType = 1;
			remoteGlobalIDString = B643EA611CB035E900FAEF57;
			remoteInfo = "f-ios";
		};
		B643EA851CB035E900FAEF57 /* PBXContainerItemProxy */ = {
			isa = PBXContainerItemProxy;
			containerPortal = B643EA5A1CB035E900FAEF57 /* Project object */;
			proxyType = 1;
			remoteGlobalIDString = B643EA611CB035E900FAEF57;
			remoteInfo = "f-ios";
		};
/* End PBXContainerItemProxy section */

/* Begin PBXFileReference section */
		B643EA621CB035E900FAEF57 /* f-ios.app */ = {isa = PBXFileReference; explicitFileType = wrapper.application; includeInIndex = 0; path = "f-ios.app"; sourceTree = BUILT_PRODUCTS_DIR; };
		B643EA651CB035E900FAEF57 /* AppDelegate.swift */ = {isa = PBXFileReference; lastKnownFileType = sourcecode.swift; path = AppDelegate.swift; sourceTree = "<group>"; };
		B643EA671CB035E900FAEF57 /* ViewController.swift */ = {isa = PBXFileReference; lastKnownFileType = sourcecode.swift; path = ViewController.swift; sourceTree = "<group>"; };
		B643EA6A1CB035E900FAEF57 /* Base */ = {isa = PBXFileReference; lastKnownFileType = file.storyboard; name = Base; path = Base.lproj/Main.storyboard; sourceTree = "<group>"; };
		B643EA6D1CB035E900FAEF57 /* f_ios.xcdatamodel */ = {isa = PBXFileReference; lastKnownFileType = wrapper.xcdatamodel; path = f_ios.xcdatamodel; sourceTree = "<group>"; };
		B643EA6F1CB035E900FAEF57 /* Assets.xcassets */ = {isa = PBXFileReference; lastKnownFileType = folder.assetcatalog; path = Assets.xcassets; sourceTree = "<group>"; };
		B643EA721CB035E900FAEF57 /* Base */ = {isa = PBXFileReference; lastKnownFileType = file.storyboard; name = Base; path = Base.lproj/LaunchScreen.storyboard; sourceTree = "<group>"; };
		B643EA741CB035E900FAEF57 /* Info.plist */ = {isa = PBXFileReference; lastKnownFileType = text.plist.xml; path = Info.plist; sourceTree = "<group>"; };
		B643EA791CB035E900FAEF57 /* f-iosTests.xctest */ = {isa = PBXFileReference; explicitFileType = wrapper.cfbundle; includeInIndex = 0; path = "f-iosTests.xctest"; sourceTree = BUILT_PRODUCTS_DIR; };
		B643EA7D1CB035E900FAEF57 /* f_iosTests.swift */ = {isa = PBXFileReference; lastKnownFileType = sourcecode.swift; path = f_iosTests.swift; sourceTree = "<group>"; };
		B643EA7F1CB035E900FAEF57 /* Info.plist */ = {isa = PBXFileReference; lastKnownFileType = text.plist.xml; path = Info.plist; sourceTree = "<group>"; };
		B643EA841CB035E900FAEF57 /* f-iosUITests.xctest */ = {isa = PBXFileReference; explicitFileType = wrapper.cfbundle; includeInIndex = 0; path = "f-iosUITests.xctest"; sourceTree = BUILT_PRODUCTS_DIR; };
		B643EA881CB035E900FAEF57 /* f_iosUITests.swift */ = {isa = PBXFileReference; lastKnownFileType = sourcecode.swift; path = f_iosUITests.swift; sourceTree = "<group>"; };
		B643EA8A1CB035E900FAEF57 /* Info.plist */ = {isa = PBXFileReference; lastKnownFileType = text.plist.xml; path = Info.plist; sourceTree = "<group>"; };
/* End PBXFileReference section */

/* Begin PBXFrameworksBuildPhase section */
		B643EA5F1CB035E900FAEF57 /* Frameworks */ = {
			isa = PBXFrameworksBuildPhase;
			buildActionMask = 2147483647;
			files = (
			);
			runOnlyForDeploymentPostprocessing = 0;
		};
		B643EA761CB035E900FAEF57 /* Frameworks */ = {
			isa = PBXFrameworksBuildPhase;
			buildActionMask = 2147483647;
			files = (
			);
			runOnlyForDeploymentPostprocessing = 0;
		};
		B643EA811CB035E900FAEF57 /* Frameworks */ = {
			isa = PBXFrameworksBuildPhase;
			buildActionMask = 2147483647;
			files = (
			);
			runOnlyForDeploymentPostprocessing = 0;
		};
/* End PBXFrameworksBuildPhase section */

/* Begin PBXGroup section */
		B643EA591CB035E900FAEF57 = {
			isa = PBXGroup;
			children = (
				B643EA641CB035E900FAEF57 /* f-ios */,
				B643EA7C1CB035E900FAEF57 /* f-iosTests */,
				B643EA871CB035E900FAEF57 /* f-iosUITests */,
				B643EA631CB035E900FAEF57 /* Products */,
			);
			sourceTree = "<group>";
		};
		B643EA631CB035E900FAEF57 /* Products */ = {
			isa = PBXGroup;
			children = (
				B643EA621CB035E900FAEF57 /* f-ios.app */,
				B643EA791CB035E900FAEF57 /* f-iosTests.xctest */,
				B643EA841CB035E900FAEF57 /* f-iosUITests.xctest */,
			);
			name = Products;
			sourceTree = "<group>";
		};
		B643EA641CB035E900FAEF57 /* f-ios */ = {
			isa = PBXGroup;
			children = (
				B643EA651CB035E900FAEF57 /* AppDelegate.swift */,
				B643EA671CB035E900FAEF57 /* ViewController.swift */,
				B643EA691CB035E900FAEF57 /* Main.storyboard */,
				B643EA6F1CB035E900FAEF57 /* Assets.xcassets */,
				B643EA711CB035E900FAEF57 /* LaunchScreen.storyboard */,
				B643EA741CB035E900FAEF57 /* Info.plist */,
				B643EA6C1CB035E900FAEF57 /* f_ios.xcdatamodeld */,
			);
			path = "f-ios";
			sourceTree = "<group>";
		};
		B643EA7C1CB035E900FAEF57 /* f-iosTests */ = {
			isa = PBXGroup;
			children = (
				B643EA7D1CB035E900FAEF57 /* f_iosTests.swift */,
				B643EA7F1CB035E900FAEF57 /* Info.plist */,
			);
			path = "f-iosTests";
			sourceTree = "<group>";
		};
		B643EA871CB035E900FAEF57 /* f-iosUITests */ = {
			isa = PBXGroup;
			children = (
				B643EA881CB035E900FAEF57 /* f_iosUITests.swift */,
				B643EA8A1CB035E900FAEF57 /* Info.plist */,
			);
			path = "f-iosUITests";
			sourceTree = "<group>";
		};
/* End PBXGroup section */

/* Begin PBXNativeTarget section */
		B643EA611CB035E900FAEF57 /* f-ios */ = {
			isa = PBXNativeTarget;
			buildConfigurationList = B643EA8D1CB035E900FAEF57 /* Build configuration list for PBXNativeTarget "f-ios" */;
			buildPhases = (
				B643EA5E1CB035E900FAEF57 /* Sources */,
				B643EA5F1CB035E900FAEF57 /* Frameworks */,
				B643EA601CB035E900FAEF57 /* Resources */,
			);
			buildRules = (
			);
			dependencies = (
			);
			name = "f-ios";
			productName = "f-ios";
			productReference = B643EA621CB035E900FAEF57 /* f-ios.app */;
			productType = "com.apple.product-type.application";
		};
		B643EA781CB035E900FAEF57 /* f-iosTests */ = {
			isa = PBXNativeTarget;
			buildConfigurationList = B643EA901CB035E900FAEF57 /* Build configuration list for PBXNativeTarget "f-iosTests" */;
			buildPhases = (
				B643EA751CB035E900FAEF57 /* Sources */,
				B643EA761CB035E900FAEF57 /* Frameworks */,
				B643EA771CB035E900FAEF57 /* Resources */,
			);
			buildRules = (
			);
			dependencies = (
				B643EA7B1CB035E900FAEF57 /* PBXTargetDependency */,
			);
			name = "f-iosTests";
			productName = "f-iosTests";
			productReference = B643EA791CB035E900FAEF57 /* f-iosTests.xctest */;
			productType = "com.apple.product-type.bundle.unit-test";
		};
		B643EA831CB035E900FAEF57 /* f-iosUITests */ = {
			isa = PBXNativeTarget;
			buildConfigurationList = B643EA931CB035E900FAEF57 /* Build configuration list for PBXNativeTarget "f-iosUITests" */;
			buildPhases = (
				B643EA801CB035E900FAEF57 /* Sources */,
				B643EA811CB035E900FAEF57 /* Frameworks */,
				B643EA821CB035E900FAEF57 /* Resources */,
			);
			buildRules = (
			);
			dependencies = (
				B643EA861CB035E900FAEF57 /* PBXTargetDependency */,
			);
			name = "f-iosUITests";
			productName = "f-iosUITests";
			productReference = B643EA841CB035E900FAEF57 /* f-iosUITests.xctest */;
			productType = "com.apple.product-type.bundle.ui-testing";
		};
/* End PBXNativeTarget section */

/* Begin PBXProject section */
		B643EA5A1CB035E900FAEF57 /* Project object */ = {
			isa = PBXProject;
			attributes = {
				LastSwiftUpdateCheck = 0730;
				LastUpgradeCheck = 0730;
				ORGANIZATIONNAME = denari01;
				TargetAttributes = {
					B643EA611CB035E900FAEF57 = {
						CreatedOnToolsVersion = 7.3;
						DevelopmentTeam = 29DW3Q8U56;
					};
					B643EA781CB035E900FAEF57 = {
						CreatedOnToolsVersion = 7.3;
						TestTargetID = B643EA611CB035E900FAEF57;
					};
					B643EA831CB035E900FAEF57 = {
						CreatedOnToolsVersion = 7.3;
						TestTargetID = B643EA611CB035E900FAEF57;
					};
				};
			};
			buildConfigurationList = B643EA5D1CB035E900FAEF57 /* Build configuration list for PBXProject "f-ios" */;
			compatibilityVersion = "Xcode 3.2";
			developmentRegion = English;
			hasScannedForEncodings = 0;
			knownRegions = (
				en,
				Base,
			);
			mainGroup = B643EA591CB035E900FAEF57;
			productRefGroup = B643EA631CB035E900FAEF57 /* Products */;
			projectDirPath = "";
			projectRoot = "";
			targets = (
				B643EA611CB035E900FAEF57 /* f-ios */,
				B643EA781CB035E900FAEF57 /* f-iosTests */,
				B643EA831CB035E900FAEF57 /* f-iosUITests */,
			);
		};
/* End PBXProject section */

/* Begin PBXResourcesBuildPhase section */
		B643EA601CB035E900FAEF57 /* Resources */ = {
			isa = PBXResourcesBuildPhase;
			buildActionMask = 2147483647;
			files = (
				B643EA731CB035E900FAEF57 /* LaunchScreen.storyboard in Resources */,
				B643EA701CB035E900FAEF57 /* Assets.xcassets in Resources */,
				B643EA6B1CB035E900FAEF57 /* Main.storyboard in Resources */,
			);
			runOnlyForDeploymentPostprocessing = 0;
		};
		B643EA771CB035E900FAEF57 /* Resources */ = {
			isa = PBXResourcesBuildPhase;
			buildActionMask = 2147483647;
			files = (
			);
			runOnlyForDeploymentPostprocessing = 0;
		};
		B643EA821CB035E900FAEF57 /* Resources */ = {
			isa = PBXResourcesBuildPhase;
			buildActionMask = 2147483647;
			files = (
			);
			runOnlyForDeploymentPostprocessing = 0;
		};
/* End PBXResourcesBuildPhase section */

/* Begin PBXSourcesBuildPhase section */
		B643EA5E1CB035E900FAEF57 /* Sources */ = {
			isa = PBXSourcesBuildPhase;
			buildActionMask = 2147483647;
			files = (
				B643EA681CB035E900FAEF57 /* ViewController.swift in Sources */,
				B643EA661CB035E900FAEF57 /* AppDelegate.swift in Sources */,
				B643EA6E1CB035E900FAEF57 /* f_ios.xcdatamodeld in Sources */,
			);
			runOnlyForDeploymentPostprocessing = 0;
		};
		B643EA751CB035E900FAEF57 /* Sources */ = {
			isa = PBXSourcesBuildPhase;
			buildActionMask = 2147483647;
			files = (
				B643EA7E1CB035E900FAEF57 /* f_iosTests.swift in Sources */,
			);
			runOnlyForDeploymentPostprocessing = 0;
		};
		B643EA801CB035E900FAEF57 /* Sources */ = {
			isa = PBXSourcesBuildPhase;
			buildActionMask = 2147483647;
			files = (
				B643EA891CB035E900FAEF57 /* f_iosUITests.swift in Sources */,
			);
			runOnlyForDeploymentPostprocessing = 0;
		};
/* End PBXSourcesBuildPhase section */

/* Begin PBXTargetDependency section */
		B643EA7B1CB035E900FAEF57 /* PBXTargetDependency */ = {
			isa = PBXTargetDependency;
			target = B643EA611CB035E900FAEF57 /* f-ios */;
			targetProxy = B643EA7A1CB035E900FAEF57 /* PBXContainerItemProxy */;
		};
		B643EA861CB035E900FAEF57 /* PBXTargetDependency */ = {
			isa = PBXTargetDependency;
			target = B643EA611CB035E900FAEF57 /* f-ios */;
			targetProxy = B643EA851CB035E900FAEF57 /* PBXContainerItemProxy */;
		};
/* End PBXTargetDependency section */

/* Begin PBXVariantGroup section */
		B643EA691CB035E900FAEF57 /* Main.storyboard */ = {
			isa = PBXVariantGroup;
			children = (
				B643EA6A1CB035E900FAEF57 /* Base */,
			);
			name = Main.storyboard;
			sourceTree = "<group>";
		};
		B643EA711CB035E900FAEF57 /* LaunchScreen.storyboard */ = {
			isa = PBXVariantGroup;
			children = (
				B643EA721CB035E900FAEF57 /* Base */,
			);
			name = LaunchScreen.storyboard;
			sourceTree = "<group>";
		};
/* End PBXVariantGroup section */

/* Begin XCBuildConfiguration section */
		B643EA8B1CB035E900FAEF57 /* Debug */ = {
			isa = XCBuildConfiguration;
			buildSettings = {
				ALWAYS_SEARCH_USER_PATHS = NO;
				CLANG_ANALYZER_NONNULL = YES;
				CLANG_CXX_LANGUAGE_STANDARD = "gnu++0x";
				CLANG_CXX_LIBRARY = "libc++";
				CLANG_ENABLE_MODULES = YES;
				CLANG_ENABLE_OBJC_ARC = YES;
				CLANG_WARN_BOOL_CONVERSION = YES;
				CLANG_WARN_CONSTANT_CONVERSION = YES;
				CLANG_WARN_DIRECT_OBJC_ISA_USAGE = YES_ERROR;
				CLANG_WARN_EMPTY_BODY = YES;
				CLANG_WARN_ENUM_CONVERSION = YES;
				CLANG_WARN_INT_CONVERSION = YES;
				CLANG_WARN_OBJC_ROOT_CLASS = YES_ERROR;
				CLANG_WARN_UNREACHABLE_CODE = YES;
				CLANG_WARN__DUPLICATE_METHOD_MATCH = YES;
				"CODE_SIGN_IDENTITY[sdk=iphoneos*]" = "iPhone Developer";
				COPY_PHASE_STRIP = NO;
				DEBUG_INFORMATION_FORMAT = dwarf;
				ENABLE_STRICT_OBJC_MSGSEND = YES;
				ENABLE_TESTABILITY = YES;
				GCC_C_LANGUAGE_STANDARD = gnu99;
				GCC_DYNAMIC_NO_PIC = NO;
				GCC_NO_COMMON_BLOCKS = YES;
				GCC_OPTIMIZATION_LEVEL = 0;
				GCC_PREPROCESSOR_DEFINITIONS = (
					"DEBUG=1",
					"$(inherited)",
				);
				GCC_WARN_64_TO_32_BIT_CONVERSION = YES;
				GCC_WARN_ABOUT_RETURN_TYPE = YES_ERROR;
				GCC_WARN_UNDECLARED_SELECTOR = YES;
				GCC_WARN_UNINITIALIZED_AUTOS = YES_AGGRESSIVE;
				GCC_WARN_UNUSED_FUNCTION = YES;
				GCC_WARN_UNUSED_VARIABLE = YES;
				IPHONEOS_DEPLOYMENT_TARGET = 9.3;
				MTL_ENABLE_DEBUG_INFO = YES;
				ONLY_ACTIVE_ARCH = YES;
				SDKROOT = iphoneos;
				SWIFT_OPTIMIZATION_LEVEL = "-Onone";
			};
			name = Debug;
		};
		B643EA8C1CB035E900FAEF57 /* Release */ = {
			isa = XCBuildConfiguration;
			buildSettings = {
				ALWAYS_SEARCH_USER_PATHS = NO;
				CLANG_ANALYZER_NONNULL = YES;
				CLANG_CXX_LANGUAGE_STANDARD = "gnu++0x";
				CLANG_CXX_LIBRARY = "libc++";
				CLANG_ENABLE_MODULES = YES;
				CLANG_ENABLE_OBJC_ARC = YES;
				CLANG_WARN_BOOL_CONVERSION = YES;
				CLANG_WARN_CONSTANT_CONVERSION = YES;
				CLANG_WARN_DIRECT_OBJC_ISA_USAGE = YES_ERROR;
				CLANG_WARN_EMPTY_BODY = YES;
				CLANG_WARN_ENUM_CONVERSION = YES;
				CLANG_WARN_INT_CONVERSION = YES;
				CLANG_WARN_OBJC_ROOT_CLASS = YES_ERROR;
				CLANG_WARN_UNREACHABLE_CODE = YES;
				CLANG_WARN__DUPLICATE_METHOD_MATCH = YES;
				"CODE_SIGN_IDENTITY[sdk=iphoneos*]" = "iPhone Developer";
				COPY_PHASE_STRIP = NO;
				DEBUG_INFORMATION_FORMAT = "dwarf-with-dsym";
				ENABLE_NS_ASSERTIONS = NO;
				ENABLE_STRICT_OBJC_MSGSEND = YES;
				GCC_C_LANGUAGE_STANDARD = gnu99;
				GCC_NO_COMMON_BLOCKS = YES;
				GCC_WARN_64_TO_32_BIT_CONVERSION = YES;
				GCC_WARN_ABOUT_RETURN_TYPE = YES_ERROR;
				GCC_WARN_UNDECLARED_SELECTOR = YES;
				GCC_WARN_UNINITIALIZED_AUTOS = YES_AGGRESSIVE;
				GCC_WARN_UNUSED_FUNCTION = YES;
				GCC_WARN_UNUSED_VARIABLE = YES;
				IPHONEOS_DEPLOYMENT_TARGET = 9.3;
				MTL_ENABLE_DEBUG_INFO = NO;
				SDKROOT = iphoneos;
				VALIDATE_PRODUCT = YES;
			};
			name = Release;
		};
		B643EA8E1CB035E900FAEF57 /* Debug */ = {
			isa = XCBuildConfiguration;
			buildSettings = {
				ASSETCATALOG_COMPILER_APPICON_NAME = AppIcon;
				CODE_SIGN_IDENTITY = "iPhone Developer";
				"CODE_SIGN_IDENTITY[sdk=iphoneos*]" = "iPhone Developer";
				INFOPLIST_FILE = "f-ios/Info.plist";
				IPHONEOS_DEPLOYMENT_TARGET = 9.0;
				LD_RUNPATH_SEARCH_PATHS = "$(inherited) @executable_path/Frameworks";
				PRODUCT_BUNDLE_IDENTIFIER = "denari01.f-ios";
				PRODUCT_NAME = "$(TARGET_NAME)";
				PROVISIONING_PROFILE = "";
			};
			name = Debug;
		};
		B643EA8F1CB035E900FAEF57 /* Release */ = {
			isa = XCBuildConfiguration;
			buildSettings = {
				ASSETCATALOG_COMPILER_APPICON_NAME = AppIcon;
				CODE_SIGN_IDENTITY = "iPhone Developer";
				"CODE_SIGN_IDENTITY[sdk=iphoneos*]" = "iPhone Developer";
				INFOPLIST_FILE = "f-ios/Info.plist";
				IPHONEOS_DEPLOYMENT_TARGET = 9.0;
				LD_RUNPATH_SEARCH_PATHS = "$(inherited) @executable_path/Frameworks";
				PRODUCT_BUNDLE_IDENTIFIER = "denari01.f-ios";
				PRODUCT_NAME = "$(TARGET_NAME)";
				PROVISIONING_PROFILE = "";
			};
			name = Release;
		};
		B643EA911CB035E900FAEF57 /* Debug */ = {
			isa = XCBuildConfiguration;
			buildSettings = {
				BUNDLE_LOADER = "$(TEST_HOST)";
				INFOPLIST_FILE = "f-iosTests/Info.plist";
				LD_RUNPATH_SEARCH_PATHS = "$(inherited) @executable_path/Frameworks @loader_path/Frameworks";
				PRODUCT_BUNDLE_IDENTIFIER = "denari01.f-iosTests";
				PRODUCT_NAME = "$(TARGET_NAME)";
				TEST_HOST = "$(BUILT_PRODUCTS_DIR)/f-ios.app/f-ios";
			};
			name = Debug;
		};
		B643EA921CB035E900FAEF57 /* Release */ = {
			isa = XCBuildConfiguration;
			buildSettings = {
				BUNDLE_LOADER = "$(TEST_HOST)";
				INFOPLIST_FILE = "f-iosTests/Info.plist";
				LD_RUNPATH_SEARCH_PATHS = "$(inherited) @executable_path/Frameworks @loader_path/Frameworks";
				PRODUCT_BUNDLE_IDENTIFIER = "denari01.f-iosTests";
				PRODUCT_NAME = "$(TARGET_NAME)";
				TEST_HOST = "$(BUILT_PRODUCTS_DIR)/f-ios.app/f-ios";
			};
			name = Release;
		};
		B643EA941CB035E900FAEF57 /* Debug */ = {
			isa = XCBuildConfiguration;
			buildSettings = {
				INFOPLIST_FILE = "f-iosUITests/Info.plist";
				LD_RUNPATH_SEARCH_PATHS = "$(inherited) @executable_path/Frameworks @loader_path/Frameworks";
				PRODUCT_BUNDLE_IDENTIFIER = "denari01.f-iosUITests";
				PRODUCT_NAME = "$(TARGET_NAME)";
				TEST_TARGET_NAME = "f-ios";
			};
			name = Debug;
		};
		B643EA951CB035E900FAEF57 /* Release */ = {
			isa = XCBuildConfiguration;
			buildSettings = {
				INFOPLIST_FILE = "f-iosUITests/Info.plist";
				LD_RUNPATH_SEARCH_PATHS = "$(inherited) @executable_path/Frameworks @loader_path/Frameworks";
				PRODUCT_BUNDLE_IDENTIFIER = "denari01.f-iosUITests";
				PRODUCT_NAME = "$(TARGET_NAME)";
				TEST_TARGET_NAME = "f-ios";
			};
			name = Release;
		};
/* End XCBuildConfiguration section */

/* Begin XCConfigurationList section */
		B643EA5D1CB035E900FAEF57 /* Build configuration list for PBXProject "f-ios" */ = {
			isa = XCConfigurationList;
			buildConfigurations = (
				B643EA8B1CB035E900FAEF57 /* Debug */,
				B643EA8C1CB035E900FAEF57 /* Release */,
			);
			defaultConfigurationIsVisible = 0;
			defaultConfigurationName = Release;
		};
		B643EA8D1CB035E900FAEF57 /* Build configuration list for PBXNativeTarget "f-ios" */ = {
			isa = XCConfigurationList;
			buildConfigurations = (
				B643EA8E1CB035E900FAEF57 /* Debug */,
				B643EA8F1CB035E900FAEF57 /* Release */,
			);
			defaultConfigurationIsVisible = 0;
			defaultConfigurationName = Release;
		};
		B643EA901CB035E900FAEF57 /* Build configuration list for PBXNativeTarget "f-iosTests" */ = {
			isa = XCConfigurationList;
			buildConfigurations = (
				B643EA911CB035E900FAEF57 /* Debug */,
				B643EA921CB035E900FAEF57 /* Release */,
			);
			defaultConfigurationIsVisible = 0;
			defaultConfigurationName = Release;
		};
		B643EA931CB035E900FAEF57 /* Build configuration list for PBXNativeTarget "f-iosUITests" */ = {
			isa = XCConfigurationList;
			buildConfigurations = (
				B643EA941CB035E900FAEF57 /* Debug */,
				B643EA951CB035E900FAEF57 /* Release */,
			);
			defaultConfigurationIsVisible = 0;
			defaultConfigurationName = Release;
		};
/* End XCConfigurationList section */

/* Begin XCVersionGroup section */
		B643EA6C1CB035E900FAEF57 /* f_ios.xcdatamodeld */ = {
			isa = XCVersionGroup;
			children = (
				B643EA6D1CB035E900FAEF57 /* f_ios.xcdatamodel */,
			);
			currentVersion = B643EA6D1CB035E900FAEF57 /* f_ios.xcdatamodel */;
			path = f_ios.xcdatamodeld;
			sourceTree = "<group>";
			versionGroupType = wrapper.xcdatamodel;
		};
/* End XCVersionGroup section */
	};
	rootObject = B643EA5A1CB035E900FAEF57 /* Project object */;
}
